
Microsoft Visual Studio Solution File, Format Version 12.00
# Visual Studio Version 17
VisualStudioVersion = 17.7.34024.191
MinimumVisualStudioVersion = 10.0.40219.1
Project("{9A19103F-16F7-4668-BE54-9A1E7A4F7556}") = "HobbyHarbor.WebUI", "HobbyHarbor.WebUI\HobbyHarbor.WebUI.csproj", "{11D71AE0-C093-43F1-8BCC-7428DE599CE1}"
EndProject
Project("{9A19103F-16F7-4668-BE54-9A1E7A4F7556}") = "HobbyHarbor.Core", "HobbyHarbor.Core\HobbyHarbor.Core.csproj", "{4414F781-4E60-45E6-85DB-211D62D8714B}"
EndProject
Project("{9A19103F-16F7-4668-BE54-9A1E7A4F7556}") = "HobbyHarbor.Infrastructure", "HobbyHarbor.Infrastructure\HobbyHarbor.Infrastructure.csproj", "{BD4898FF-6EF7-4A9B-A8AF-610935780DF6}"
EndProject
Project("{9A19103F-16F7-4668-BE54-9A1E7A4F7556}") = "HobbyHarbor.Application", "HobbyHarbor.Application\HobbyHarbor.Application.csproj", "{CA8866BB-5C1D-4263-94D9-1537918EACA3}"
EndProject
Project("{9A19103F-16F7-4668-BE54-9A1E7A4F7556}") = "HobbyHarbor.Shared", "HobbyHarbor.Shared\HobbyHarbor.Shared.csproj", "{2F0A1A17-4685-4DAF-AEE3-0C4AEF17F08D}"
EndProject
Global
	GlobalSection(SolutionConfigurationPlatforms) = preSolution
		Debug|Any CPU = Debug|Any CPU
		Release|Any CPU = Release|Any CPU
	EndGlobalSection
	GlobalSection(ProjectConfigurationPlatforms) = postSolution
		{11D71AE0-C093-43F1-8BCC-7428DE599CE1}.Debug|Any CPU.ActiveCfg = Debug|Any CPU
		{11D71AE0-C093-43F1-8BCC-7428DE599CE1}.Debug|Any CPU.Build.0 = Debug|Any CPU
		{11D71AE0-C093-43F1-8BCC-7428DE599CE1}.Release|Any CPU.ActiveCfg = Release|Any CPU
		{11D71AE0-C093-43F1-8BCC-7428DE599CE1}.Release|Any CPU.Build.0 = Release|Any CPU
		{4414F781-4E60-45E6-85DB-211D62D8714B}.Debug|Any CPU.ActiveCfg = Debug|Any CPU
		{4414F781-4E60-45E6-85DB-211D62D8714B}.Debug|Any CPU.Build.0 = Debug|Any CPU
		{4414F781-4E60-45E6-85DB-211D62D8714B}.Release|Any CPU.ActiveCfg = Release|Any CPU
		{4414F781-4E60-45E6-85DB-211D62D8714B}.Release|Any CPU.Build.0 = Release|Any CPU
		{BD4898FF-6EF7-4A9B-A8AF-610935780DF6}.Debug|Any CPU.ActiveCfg = Debug|Any CPU
		{BD4898FF-6EF7-4A9B-A8AF-610935780DF6}.Debug|Any CPU.Build.0 = Debug|Any CPU
		{BD4898FF-6EF7-4A9B-A8AF-610935780DF6}.Release|Any CPU.ActiveCfg = Release|Any CPU
		{BD4898FF-6EF7-4A9B-A8AF-610935780DF6}.Release|Any CPU.Build.0 = Release|Any CPU
		{CA8866BB-5C1D-4263-94D9-1537918EACA3}.Debug|Any CPU.ActiveCfg = Debug|Any CPU
		{CA8866BB-5C1D-4263-94D9-1537918EACA3}.Debug|Any CPU.Build.0 = Debug|Any CPU
		{CA8866BB-5C1D-4263-94D9-1537918EACA3}.Release|Any CPU.ActiveCfg = Release|Any CPU
		{CA8866BB-5C1D-4263-94D9-1537918EACA3}.Release|Any CPU.Build.0 = Release|Any CPU
		{2F0A1A17-4685-4DAF-AEE3-0C4AEF17F08D}.Debug|Any CPU.ActiveCfg = Debug|Any CPU
		{2F0A1A17-4685-4DAF-AEE3-0C4AEF17F08D}.Debug|Any CPU.Build.0 = Debug|Any CPU
		{2F0A1A17-4685-4DAF-AEE3-0C4AEF17F08D}.Release|Any CPU.ActiveCfg = Release|Any CPU
		{2F0A1A17-4685-4DAF-AEE3-0C4AEF17F08D}.Release|Any CPU.Build.0 = Release|Any CPU
	EndGlobalSection
	GlobalSection(SolutionProperties) = preSolution
		HideSolutionNode = FALSE
	EndGlobalSection
	GlobalSection(ExtensibilityGlobals) = postSolution
		SolutionGuid = {E52E62ED-F9AB-407B-848E-431A6C0B3C84}
	EndGlobalSection
EndGlobal
